
Microsoft Visual Studio Solution File, Format Version 10.00
# Visual Studio 2008
Project("{FAE04EC0-301F-11D3-BF4B-00C04F79EFBC}") = "iPhoneTrackingCleanse", "iPhoneTrackingCleanse\iPhoneTrackingCleanse.csproj", "{DDA14688-EA0C-4FDB-B85A-2D23A7A4D96E}"
EndProject
Global
	GlobalSection(SolutionConfigurationPlatforms) = preSolution
		Debug|Any CPU = Debug|Any CPU
		Release|Any CPU = Release|Any CPU
	EndGlobalSection
	GlobalSection(ProjectConfigurationPlatforms) = postSolution
		{DDA14688-EA0C-4FDB-B85A-2D23A7A4D96E}.Debug|Any CPU.ActiveCfg = Debug|Any CPU
		{DDA14688-EA0C-4FDB-B85A-2D23A7A4D96E}.Debug|Any CPU.Build.0 = Debug|Any CPU
		{DDA14688-EA0C-4FDB-B85A-2D23A7A4D96E}.Release|Any CPU.ActiveCfg = Release|Any CPU
		{DDA14688-EA0C-4FDB-B85A-2D23A7A4D96E}.Release|Any CPU.Build.0 = Release|Any CPU
	EndGlobalSection
	GlobalSection(SolutionProperties) = preSolution
		HideSolutionNode = FALSE
	EndGlobalSection
EndGlobal
